// !$*UTF8*$!
{
	archiveVersion = 1;
	classes = {
	};
	objectVersion = 56;
	objects = {

/* Begin PBXBuildFile section */
		C28A978828FDB7BF00CF1A89 /* AppDelegate.swift in Sources */ = {isa = PBXBuildFile; fileRef = C28A978728FDB7BF00CF1A89 /* AppDelegate.swift */; };
		C28A978A28FDB7BF00CF1A89 /* SceneDelegate.swift in Sources */ = {isa = PBXBuildFile; fileRef = C28A978928FDB7BF00CF1A89 /* SceneDelegate.swift */; };
		C28A978F28FDB7BF00CF1A89 /* Main.storyboard in Resources */ = {isa = PBXBuildFile; fileRef = C28A978D28FDB7BF00CF1A89 /* Main.storyboard */; };
		C28A979128FDB7C100CF1A89 /* Assets.xcassets in Resources */ = {isa = PBXBuildFile; fileRef = C28A979028FDB7C100CF1A89 /* Assets.xcassets */; };
		C28A979428FDB7C100CF1A89 /* LaunchScreen.storyboard in Resources */ = {isa = PBXBuildFile; fileRef = C28A979228FDB7C100CF1A89 /* LaunchScreen.storyboard */; };
		C28A979D28FDBCDE00CF1A89 /* Characteer.swift in Sources */ = {isa = PBXBuildFile; fileRef = C28A979C28FDBCDE00CF1A89 /* Characteer.swift */; };
		C28A97A128FDC19B00CF1A89 /* APIService.swift in Sources */ = {isa = PBXBuildFile; fileRef = C28A97A028FDC19B00CF1A89 /* APIService.swift */; };
		C28A97A428FDC21300CF1A89 /* ResultError.swift in Sources */ = {isa = PBXBuildFile; fileRef = C28A97A328FDC21300CF1A89 /* ResultError.swift */; };
		C28A97A628FDCAB800CF1A89 /* CharacterTableViewController.swift in Sources */ = {isa = PBXBuildFile; fileRef = C28A97A528FDCAB800CF1A89 /* CharacterTableViewController.swift */; };
		C28A97A928FDCB1F00CF1A89 /* CharacterViewModel.swift in Sources */ = {isa = PBXBuildFile; fileRef = C28A97A828FDCB1F00CF1A89 /* CharacterViewModel.swift */; };
		C28A97AB28FDCB2D00CF1A89 /* CharacterTableViewCell.swift in Sources */ = {isa = PBXBuildFile; fileRef = C28A97AA28FDCB2D00CF1A89 /* CharacterTableViewCell.swift */; };
		C2A01E9B28FF098900C4DEEF /* CharacterSearchService.swift in Sources */ = {isa = PBXBuildFile; fileRef = C2A01E9A28FF098900C4DEEF /* CharacterSearchService.swift */; };
		C2A01E9D28FF0E9A00C4DEEF /* RMEndpoint.swift in Sources */ = {isa = PBXBuildFile; fileRef = C2A01E9C28FF0E9A00C4DEEF /* RMEndpoint.swift */; };
		C2A01EA028FF1EAB00C4DEEF /* CharacterDetailViewController.swift in Sources */ = {isa = PBXBuildFile; fileRef = C2A01E9F28FF1EAB00C4DEEF /* CharacterDetailViewController.swift */; };
		C2A01EA228FF1EC100C4DEEF /* CharacterDetailViewModel.swift in Sources */ = {isa = PBXBuildFile; fileRef = C2A01EA128FF1EC100C4DEEF /* CharacterDetailViewModel.swift */; };
/* End PBXBuildFile section */

/* Begin PBXFileReference section */
		C28A978428FDB7BF00CF1A89 /* RickAndMorty.app */ = {isa = PBXFileReference; explicitFileType = wrapper.application; includeInIndex = 0; path = RickAndMorty.app; sourceTree = BUILT_PRODUCTS_DIR; };
		C28A978728FDB7BF00CF1A89 /* AppDelegate.swift */ = {isa = PBXFileReference; lastKnownFileType = sourcecode.swift; path = AppDelegate.swift; sourceTree = "<group>"; };
		C28A978928FDB7BF00CF1A89 /* SceneDelegate.swift */ = {isa = PBXFileReference; lastKnownFileType = sourcecode.swift; path = SceneDelegate.swift; sourceTree = "<group>"; };
		C28A978E28FDB7BF00CF1A89 /* Base */ = {isa = PBXFileReference; lastKnownFileType = file.storyboard; name = Base; path = Base.lproj/Main.storyboard; sourceTree = "<group>"; };
		C28A979028FDB7C100CF1A89 /* Assets.xcassets */ = {isa = PBXFileReference; lastKnownFileType = folder.assetcatalog; path = Assets.xcassets; sourceTree = "<group>"; };
		C28A979328FDB7C100CF1A89 /* Base */ = {isa = PBXFileReference; lastKnownFileType = file.storyboard; name = Base; path = Base.lproj/LaunchScreen.storyboard; sourceTree = "<group>"; };
		C28A979528FDB7C100CF1A89 /* Info.plist */ = {isa = PBXFileReference; lastKnownFileType = text.plist.xml; path = Info.plist; sourceTree = "<group>"; };
		C28A979C28FDBCDE00CF1A89 /* Characteer.swift */ = {isa = PBXFileReference; lastKnownFileType = sourcecode.swift; path = Characteer.swift; sourceTree = "<group>"; };
		C28A97A028FDC19B00CF1A89 /* APIService.swift */ = {isa = PBXFileReference; lastKnownFileType = sourcecode.swift; path = APIService.swift; sourceTree = "<group>"; };
		C28A97A328FDC21300CF1A89 /* ResultError.swift */ = {isa = PBXFileReference; lastKnownFileType = sourcecode.swift; path = ResultError.swift; sourceTree = "<group>"; };
		C28A97A528FDCAB800CF1A89 /* CharacterTableViewController.swift */ = {isa = PBXFileReference; lastKnownFileType = sourcecode.swift; path = CharacterTableViewController.swift; sourceTree = "<group>"; };
		C28A97A828FDCB1F00CF1A89 /* CharacterViewModel.swift */ = {isa = PBXFileReference; lastKnownFileType = sourcecode.swift; path = CharacterViewModel.swift; sourceTree = "<group>"; };
		C28A97AA28FDCB2D00CF1A89 /* CharacterTableViewCell.swift */ = {isa = PBXFileReference; lastKnownFileType = sourcecode.swift; path = CharacterTableViewCell.swift; sourceTree = "<group>"; };
		C2A01E9A28FF098900C4DEEF /* CharacterSearchService.swift */ = {isa = PBXFileReference; lastKnownFileType = sourcecode.swift; path = CharacterSearchService.swift; sourceTree = "<group>"; };
		C2A01E9C28FF0E9A00C4DEEF /* RMEndpoint.swift */ = {isa = PBXFileReference; lastKnownFileType = sourcecode.swift; path = RMEndpoint.swift; sourceTree = "<group>"; };
		C2A01E9F28FF1EAB00C4DEEF /* CharacterDetailViewController.swift */ = {isa = PBXFileReference; lastKnownFileType = sourcecode.swift; path = CharacterDetailViewController.swift; sourceTree = "<group>"; };
		C2A01EA128FF1EC100C4DEEF /* CharacterDetailViewModel.swift */ = {isa = PBXFileReference; lastKnownFileType = sourcecode.swift; path = CharacterDetailViewModel.swift; sourceTree = "<group>"; };
/* End PBXFileReference section */

/* Begin PBXFrameworksBuildPhase section */
		C28A978128FDB7BF00CF1A89 /* Frameworks */ = {
			isa = PBXFrameworksBuildPhase;
			buildActionMask = 2147483647;
			files = (
			);
			runOnlyForDeploymentPostprocessing = 0;
		};
/* End PBXFrameworksBuildPhase section */

/* Begin PBXGroup section */
		C28A977B28FDB7BF00CF1A89 = {
			isa = PBXGroup;
			children = (
				C28A978628FDB7BF00CF1A89 /* RickAndMorty */,
				C28A978528FDB7BF00CF1A89 /* Products */,
			);
			sourceTree = "<group>";
		};
		C28A978528FDB7BF00CF1A89 /* Products */ = {
			isa = PBXGroup;
			children = (
				C28A978428FDB7BF00CF1A89 /* RickAndMorty.app */,
			);
			name = Products;
			sourceTree = "<group>";
		};
		C28A978628FDB7BF00CF1A89 /* RickAndMorty */ = {
			isa = PBXGroup;
			children = (
				C28A97A228FDC19F00CF1A89 /* Networking */,
				C28A979F28FDC16F00CF1A89 /* Model */,
				C28A97A728FDCACC00CF1A89 /* View Controllers */,
				C28A979E28FDC15800CF1A89 /* Storyboards */,
				C28A979B28FDBB6F00CF1A89 /* Resources */,
			);
			path = RickAndMorty;
			sourceTree = "<group>";
		};
		C28A979B28FDBB6F00CF1A89 /* Resources */ = {
			isa = PBXGroup;
			children = (
				C28A978728FDB7BF00CF1A89 /* AppDelegate.swift */,
				C28A978928FDB7BF00CF1A89 /* SceneDelegate.swift */,
				C28A979028FDB7C100CF1A89 /* Assets.xcassets */,
				C28A979228FDB7C100CF1A89 /* LaunchScreen.storyboard */,
				C28A979528FDB7C100CF1A89 /* Info.plist */,
			);
			path = Resources;
			sourceTree = "<group>";
		};
		C28A979E28FDC15800CF1A89 /* Storyboards */ = {
			isa = PBXGroup;
			children = (
				C28A978D28FDB7BF00CF1A89 /* Main.storyboard */,
			);
			path = Storyboards;
			sourceTree = "<group>";
		};
		C28A979F28FDC16F00CF1A89 /* Model */ = {
			isa = PBXGroup;
			children = (
				C28A979C28FDBCDE00CF1A89 /* Characteer.swift */,
			);
			path = Model;
			sourceTree = "<group>";
		};
		C28A97A228FDC19F00CF1A89 /* Networking */ = {
			isa = PBXGroup;
			children = (
				C28A97A028FDC19B00CF1A89 /* APIService.swift */,
				C2A01E9A28FF098900C4DEEF /* CharacterSearchService.swift */,
				C28A97A328FDC21300CF1A89 /* ResultError.swift */,
				C2A01E9C28FF0E9A00C4DEEF /* RMEndpoint.swift */,
			);
			path = Networking;
			sourceTree = "<group>";
		};
		C28A97A728FDCACC00CF1A89 /* View Controllers */ = {
			isa = PBXGroup;
			children = (
				C2A01E9E28FF1E8A00C4DEEF /* CharacterList */,
				C2A01EA328FF1EC600C4DEEF /* CharacterDetail */,
			);
			path = "View Controllers";
			sourceTree = "<group>";
		};
		C28A97AC28FDCB3200CF1A89 /* Custom Cells */ = {
			isa = PBXGroup;
			children = (
				C28A97AA28FDCB2D00CF1A89 /* CharacterTableViewCell.swift */,
			);
			path = "Custom Cells";
			sourceTree = "<group>";
		};
		C2A01E9E28FF1E8A00C4DEEF /* CharacterList */ = {
			isa = PBXGroup;
			children = (
				C28A97A528FDCAB800CF1A89 /* CharacterTableViewController.swift */,
				C28A97A828FDCB1F00CF1A89 /* CharacterViewModel.swift */,
				C28A97AC28FDCB3200CF1A89 /* Custom Cells */,
			);
			path = CharacterList;
			sourceTree = "<group>";
		};
		C2A01EA328FF1EC600C4DEEF /* CharacterDetail */ = {
			isa = PBXGroup;
			children = (
				C2A01E9F28FF1EAB00C4DEEF /* CharacterDetailViewController.swift */,
				C2A01EA128FF1EC100C4DEEF /* CharacterDetailViewModel.swift */,
			);
			path = CharacterDetail;
			sourceTree = "<group>";
		};
/* End PBXGroup section */

/* Begin PBXNativeTarget section */
		C28A978328FDB7BF00CF1A89 /* RickAndMorty */ = {
			isa = PBXNativeTarget;
			buildConfigurationList = C28A979828FDB7C100CF1A89 /* Build configuration list for PBXNativeTarget "RickAndMorty" */;
			buildPhases = (
				C28A978028FDB7BF00CF1A89 /* Sources */,
				C28A978128FDB7BF00CF1A89 /* Frameworks */,
				C28A978228FDB7BF00CF1A89 /* Resources */,
			);
			buildRules = (
			);
			dependencies = (
			);
			name = RickAndMorty;
			productName = RickAndMorty;
			productReference = C28A978428FDB7BF00CF1A89 /* RickAndMorty.app */;
			productType = "com.apple.product-type.application";
		};
/* End PBXNativeTarget section */

/* Begin PBXProject section */
		C28A977C28FDB7BF00CF1A89 /* Project object */ = {
			isa = PBXProject;
			attributes = {
				BuildIndependentTargetsInParallel = 1;
				LastSwiftUpdateCheck = 1400;
				LastUpgradeCheck = 1400;
				TargetAttributes = {
					C28A978328FDB7BF00CF1A89 = {
						CreatedOnToolsVersion = 14.0.1;
					};
				};
			};
			buildConfigurationList = C28A977F28FDB7BF00CF1A89 /* Build configuration list for PBXProject "RickAndMorty" */;
			compatibilityVersion = "Xcode 14.0";
			developmentRegion = en;
			hasScannedForEncodings = 0;
			knownRegions = (
				en,
				Base,
			);
			mainGroup = C28A977B28FDB7BF00CF1A89;
			productRefGroup = C28A978528FDB7BF00CF1A89 /* Products */;
			projectDirPath = "";
			projectRoot = "";
			targets = (
				C28A978328FDB7BF00CF1A89 /* RickAndMorty */,
			);
		};
/* End PBXProject section */

/* Begin PBXResourcesBuildPhase section */
		C28A978228FDB7BF00CF1A89 /* Resources */ = {
			isa = PBXResourcesBuildPhase;
			buildActionMask = 2147483647;
			files = (
				C28A979428FDB7C100CF1A89 /* LaunchScreen.storyboard in Resources */,
				C28A979128FDB7C100CF1A89 /* Assets.xcassets in Resources */,
				C28A978F28FDB7BF00CF1A89 /* Main.storyboard in Resources */,
			);
			runOnlyForDeploymentPostprocessing = 0;
		};
/* End PBXResourcesBuildPhase section */

/* Begin PBXSourcesBuildPhase section */
		C28A978028FDB7BF00CF1A89 /* Sources */ = {
			isa = PBXSourcesBuildPhase;
			buildActionMask = 2147483647;
			files = (
				C2A01EA028FF1EAB00C4DEEF /* CharacterDetailViewController.swift in Sources */,
				C28A97A128FDC19B00CF1A89 /* APIService.swift in Sources */,
				C28A97A928FDCB1F00CF1A89 /* CharacterViewModel.swift in Sources */,
				C28A97A628FDCAB800CF1A89 /* CharacterTableViewController.swift in Sources */,
				C28A97A428FDC21300CF1A89 /* ResultError.swift in Sources */,
				C28A979D28FDBCDE00CF1A89 /* Characteer.swift in Sources */,
				C28A978828FDB7BF00CF1A89 /* AppDelegate.swift in Sources */,
				C28A978A28FDB7BF00CF1A89 /* SceneDelegate.swift in Sources */,
				C2A01E9D28FF0E9A00C4DEEF /* RMEndpoint.swift in Sources */,
				C2A01EA228FF1EC100C4DEEF /* CharacterDetailViewModel.swift in Sources */,
				C2A01E9B28FF098900C4DEEF /* CharacterSearchService.swift in Sources */,
				C28A97AB28FDCB2D00CF1A89 /* CharacterTableViewCell.swift in Sources */,
			);
			runOnlyForDeploymentPostprocessing = 0;
		};
/* End PBXSourcesBuildPhase section */

/* Begin PBXVariantGroup section */
		C28A978D28FDB7BF00CF1A89 /* Main.storyboard */ = {
			isa = PBXVariantGroup;
			children = (
				C28A978E28FDB7BF00CF1A89 /* Base */,
			);
			name = Main.storyboard;
			sourceTree = "<group>";
		};
		C28A979228FDB7C100CF1A89 /* LaunchScreen.storyboard */ = {
			isa = PBXVariantGroup;
			children = (
				C28A979328FDB7C100CF1A89 /* Base */,
			);
			name = LaunchScreen.storyboard;
			sourceTree = "<group>";
		};
/* End PBXVariantGroup section */

/* Begin XCBuildConfiguration section */
		C28A979628FDB7C100CF1A89 /* Debug */ = {
			isa = XCBuildConfiguration;
			buildSettings = {
				ALWAYS_SEARCH_USER_PATHS = NO;
				CLANG_ANALYZER_NONNULL = YES;
				CLANG_ANALYZER_NUMBER_OBJECT_CONVERSION = YES_AGGRESSIVE;
				CLANG_CXX_LANGUAGE_STANDARD = "gnu++20";
				CLANG_ENABLE_MODULES = YES;
				CLANG_ENABLE_OBJC_ARC = YES;
				CLANG_ENABLE_OBJC_WEAK = YES;
				CLANG_WARN_BLOCK_CAPTURE_AUTORELEASING = YES;
				CLANG_WARN_BOOL_CONVERSION = YES;
				CLANG_WARN_COMMA = YES;
				CLANG_WARN_CONSTANT_CONVERSION = YES;
				CLANG_WARN_DEPRECATED_OBJC_IMPLEMENTATIONS = YES;
				CLANG_WARN_DIRECT_OBJC_ISA_USAGE = YES_ERROR;
				CLANG_WARN_DOCUMENTATION_COMMENTS = YES;
				CLANG_WARN_EMPTY_BODY = YES;
				CLANG_WARN_ENUM_CONVERSION = YES;
				CLANG_WARN_INFINITE_RECURSION = YES;
				CLANG_WARN_INT_CONVERSION = YES;
				CLANG_WARN_NON_LITERAL_NULL_CONVERSION = YES;
				CLANG_WARN_OBJC_IMPLICIT_RETAIN_SELF = YES;
				CLANG_WARN_OBJC_LITERAL_CONVERSION = YES;
				CLANG_WARN_OBJC_ROOT_CLASS = YES_ERROR;
				CLANG_WARN_QUOTED_INCLUDE_IN_FRAMEWORK_HEADER = YES;
				CLANG_WARN_RANGE_LOOP_ANALYSIS = YES;
				CLANG_WARN_STRICT_PROTOTYPES = YES;
				CLANG_WARN_SUSPICIOUS_MOVE = YES;
				CLANG_WARN_UNGUARDED_AVAILABILITY = YES_AGGRESSIVE;
				CLANG_WARN_UNREACHABLE_CODE = YES;
				CLANG_WARN__DUPLICATE_METHOD_MATCH = YES;
				COPY_PHASE_STRIP = NO;
				DEBUG_INFORMATION_FORMAT = dwarf;
				ENABLE_STRICT_OBJC_MSGSEND = YES;
				ENABLE_TESTABILITY = YES;
				GCC_C_LANGUAGE_STANDARD = gnu11;
				GCC_DYNAMIC_NO_PIC = NO;
				GCC_NO_COMMON_BLOCKS = YES;
				GCC_OPTIMIZATION_LEVEL = 0;
				GCC_PREPROCESSOR_DEFINITIONS = (
					"DEBUG=1",
					"$(inherited)",
				);
				GCC_WARN_64_TO_32_BIT_CONVERSION = YES;
				GCC_WARN_ABOUT_RETURN_TYPE = YES_ERROR;
				GCC_WARN_UNDECLARED_SELECTOR = YES;
				GCC_WARN_UNINITIALIZED_AUTOS = YES_AGGRESSIVE;
				GCC_WARN_UNUSED_FUNCTION = YES;
				GCC_WARN_UNUSED_VARIABLE = YES;
				IPHONEOS_DEPLOYMENT_TARGET = 16.0;
				MTL_ENABLE_DEBUG_INFO = INCLUDE_SOURCE;
				MTL_FAST_MATH = YES;
				ONLY_ACTIVE_ARCH = YES;
				SDKROOT = iphoneos;
				SWIFT_ACTIVE_COMPILATION_CONDITIONS = DEBUG;
				SWIFT_OPTIMIZATION_LEVEL = "-Onone";
			};
			name = Debug;
		};
		C28A979728FDB7C100CF1A89 /* Release */ = {
			isa = XCBuildConfiguration;
			buildSettings = {
				ALWAYS_SEARCH_USER_PATHS = NO;
				CLANG_ANALYZER_NONNULL = YES;
				CLANG_ANALYZER_NUMBER_OBJECT_CONVERSION = YES_AGGRESSIVE;
				CLANG_CXX_LANGUAGE_STANDARD = "gnu++20";
				CLANG_ENABLE_MODULES = YES;
				CLANG_ENABLE_OBJC_ARC = YES;
				CLANG_ENABLE_OBJC_WEAK = YES;
				CLANG_WARN_BLOCK_CAPTURE_AUTORELEASING = YES;
				CLANG_WARN_BOOL_CONVERSION = YES;
				CLANG_WARN_COMMA = YES;
				CLANG_WARN_CONSTANT_CONVERSION = YES;
				CLANG_WARN_DEPRECATED_OBJC_IMPLEMENTATIONS = YES;
				CLANG_WARN_DIRECT_OBJC_ISA_USAGE = YES_ERROR;
				CLANG_WARN_DOCUMENTATION_COMMENTS = YES;
				CLANG_WARN_EMPTY_BODY = YES;
				CLANG_WARN_ENUM_CONVERSION = YES;
				CLANG_WARN_INFINITE_RECURSION = YES;
				CLANG_WARN_INT_CONVERSION = YES;
				CLANG_WARN_NON_LITERAL_NULL_CONVERSION = YES;
				CLANG_WARN_OBJC_IMPLICIT_RETAIN_SELF = YES;
				CLANG_WARN_OBJC_LITERAL_CONVERSION = YES;
				CLANG_WARN_OBJC_ROOT_CLASS = YES_ERROR;
				CLANG_WARN_QUOTED_INCLUDE_IN_FRAMEWORK_HEADER = YES;
				CLANG_WARN_RANGE_LOOP_ANALYSIS = YES;
				CLANG_WARN_STRICT_PROTOTYPES = YES;
				CLANG_WARN_SUSPICIOUS_MOVE = YES;
				CLANG_WARN_UNGUARDED_AVAILABILITY = YES_AGGRESSIVE;
				CLANG_WARN_UNREACHABLE_CODE = YES;
				CLANG_WARN__DUPLICATE_METHOD_MATCH = YES;
				COPY_PHASE_STRIP = NO;
				DEBUG_INFORMATION_FORMAT = "dwarf-with-dsym";
				ENABLE_NS_ASSERTIONS = NO;
				ENABLE_STRICT_OBJC_MSGSEND = YES;
				GCC_C_LANGUAGE_STANDARD = gnu11;
				GCC_NO_COMMON_BLOCKS = YES;
				GCC_WARN_64_TO_32_BIT_CONVERSION = YES;
				GCC_WARN_ABOUT_RETURN_TYPE = YES_ERROR;
				GCC_WARN_UNDECLARED_SELECTOR = YES;
				GCC_WARN_UNINITIALIZED_AUTOS = YES_AGGRESSIVE;
				GCC_WARN_UNUSED_FUNCTION = YES;
				GCC_WARN_UNUSED_VARIABLE = YES;
				IPHONEOS_DEPLOYMENT_TARGET = 16.0;
				MTL_ENABLE_DEBUG_INFO = NO;
				MTL_FAST_MATH = YES;
				SDKROOT = iphoneos;
				SWIFT_COMPILATION_MODE = wholemodule;
				SWIFT_OPTIMIZATION_LEVEL = "-O";
				VALIDATE_PRODUCT = YES;
			};
			name = Release;
		};
		C28A979928FDB7C100CF1A89 /* Debug */ = {
			isa = XCBuildConfiguration;
			buildSettings = {
				ASSETCATALOG_COMPILER_APPICON_NAME = AppIcon;
				ASSETCATALOG_COMPILER_GLOBAL_ACCENT_COLOR_NAME = AccentColor;
				CODE_SIGN_STYLE = Automatic;
				CURRENT_PROJECT_VERSION = 1;
				DEVELOPMENT_TEAM = 9DXP3CGV77;
				GENERATE_INFOPLIST_FILE = YES;
				INFOPLIST_FILE = RickAndMorty/Resources/Info.plist;
				INFOPLIST_KEY_UIApplicationSupportsIndirectInputEvents = YES;
				INFOPLIST_KEY_UILaunchStoryboardName = LaunchScreen;
				INFOPLIST_KEY_UIMainStoryboardFile = Main;
				INFOPLIST_KEY_UISupportedInterfaceOrientations_iPad = "UIInterfaceOrientationPortrait UIInterfaceOrientationPortraitUpsideDown UIInterfaceOrientationLandscapeLeft UIInterfaceOrientationLandscapeRight";
				INFOPLIST_KEY_UISupportedInterfaceOrientations_iPhone = "UIInterfaceOrientationPortrait UIInterfaceOrientationLandscapeLeft UIInterfaceOrientationLandscapeRight";
				LD_RUNPATH_SEARCH_PATHS = (
					"$(inherited)",
					"@executable_path/Frameworks",
				);
				MARKETING_VERSION = 1.0;
				PRODUCT_BUNDLE_IDENTIFIER = com.adamsmith.RickAndMorty;
				PRODUCT_NAME = "$(TARGET_NAME)";
				SWIFT_EMIT_LOC_STRINGS = YES;
				SWIFT_VERSION = 5.0;
				TARGETED_DEVICE_FAMILY = "1,2";
			};
			name = Debug;
		};
		C28A979A28FDB7C100CF1A89 /* Release */ = {
			isa = XCBuildConfiguration;
			buildSettings = {
				ASSETCATALOG_COMPILER_APPICON_NAME = AppIcon;
				ASSETCATALOG_COMPILER_GLOBAL_ACCENT_COLOR_NAME = AccentColor;
				CODE_SIGN_STYLE = Automatic;
				CURRENT_PROJECT_VERSION = 1;
				DEVELOPMENT_TEAM = 9DXP3CGV77;
				GENERATE_INFOPLIST_FILE = YES;
				INFOPLIST_FILE = RickAndMorty/Resources/Info.plist;
				INFOPLIST_KEY_UIApplicationSupportsIndirectInputEvents = YES;
				INFOPLIST_KEY_UILaunchStoryboardName = LaunchScreen;
				INFOPLIST_KEY_UIMainStoryboardFile = Main;
				INFOPLIST_KEY_UISupportedInterfaceOrientations_iPad = "UIInterfaceOrientationPortrait UIInterfaceOrientationPortraitUpsideDown UIInterfaceOrientationLandscapeLeft UIInterfaceOrientationLandscapeRight";
				INFOPLIST_KEY_UISupportedInterfaceOrientations_iPhone = "UIInterfaceOrientationPortrait UIInterfaceOrientationLandscapeLeft UIInterfaceOrientationLandscapeRight";
				LD_RUNPATH_SEARCH_PATHS = (
					"$(inherited)",
					"@executable_path/Frameworks",
				);
				MARKETING_VERSION = 1.0;
				PRODUCT_BUNDLE_IDENTIFIER = com.adamsmith.RickAndMorty;
				PRODUCT_NAME = "$(TARGET_NAME)";
				SWIFT_EMIT_LOC_STRINGS = YES;
				SWIFT_VERSION = 5.0;
				TARGETED_DEVICE_FAMILY = "1,2";
			};
			name = Release;
		};
/* End XCBuildConfiguration section */

/* Begin XCConfigurationList section */
		C28A977F28FDB7BF00CF1A89 /* Build configuration list for PBXProject "RickAndMorty" */ = {
			isa = XCConfigurationList;
			buildConfigurations = (
				C28A979628FDB7C100CF1A89 /* Debug */,
				C28A979728FDB7C100CF1A89 /* Release */,
			);
			defaultConfigurationIsVisible = 0;
			defaultConfigurationName = Release;
		};
		C28A979828FDB7C100CF1A89 /* Build configuration list for PBXNativeTarget "RickAndMorty" */ = {
			isa = XCConfigurationList;
			buildConfigurations = (
				C28A979928FDB7C100CF1A89 /* Debug */,
				C28A979A28FDB7C100CF1A89 /* Release */,
			);
			defaultConfigurationIsVisible = 0;
			defaultConfigurationName = Release;
		};
/* End XCConfigurationList section */
	};
	rootObject = C28A977C28FDB7BF00CF1A89 /* Project object */;
}
